// !$*UTF8*$!
{
	archiveVersion = 1;
	classes = {
	};
	objectVersion = 50;
	objects = {

/* Begin PBXBuildFile section */
		533876A820E4D50700190E4F /* AppDelegate.swift in Sources */ = {isa = PBXBuildFile; fileRef = 533876A720E4D50600190E4F /* AppDelegate.swift */; };
		533876AF20E4D50700190E4F /* Assets.xcassets in Resources */ = {isa = PBXBuildFile; fileRef = 533876AE20E4D50700190E4F /* Assets.xcassets */; };
		533876BD20E4D50700190E4F /* QuipperTestTests.swift in Sources */ = {isa = PBXBuildFile; fileRef = 533876BC20E4D50700190E4F /* QuipperTestTests.swift */; };
		533876CD20E4D72500190E4F /* VideoListTableViewController.swift in Sources */ = {isa = PBXBuildFile; fileRef = 533876CC20E4D72500190E4F /* VideoListTableViewController.swift */; };
		533876D120E4DBD500190E4F /* VideoListItem.swift in Sources */ = {isa = PBXBuildFile; fileRef = 533876D020E4DBD500190E4F /* VideoListItem.swift */; };
		534F097120E5C59B00FEAB6F /* Client.swift in Sources */ = {isa = PBXBuildFile; fileRef = 534F096F20E5C59B00FEAB6F /* Client.swift */; };
		534F097220E5C59B00FEAB6F /* Request.swift in Sources */ = {isa = PBXBuildFile; fileRef = 534F097020E5C59B00FEAB6F /* Request.swift */; };
		534F097420E5C5A300FEAB6F /* VideoListViewModel.swift in Sources */ = {isa = PBXBuildFile; fileRef = 534F097320E5C5A300FEAB6F /* VideoListViewModel.swift */; };
		534F097620E5C5AA00FEAB6F /* LocalResponse.txt in Resources */ = {isa = PBXBuildFile; fileRef = 534F097520E5C5AA00FEAB6F /* LocalResponse.txt */; };
		534F098420E5D02A00FEAB6F /* VideoListTableViewCell.swift in Sources */ = {isa = PBXBuildFile; fileRef = 534F098220E5D02A00FEAB6F /* VideoListTableViewCell.swift */; };
		534F098520E5D02A00FEAB6F /* VideoListTableViewCell.xib in Resources */ = {isa = PBXBuildFile; fileRef = 534F098320E5D02A00FEAB6F /* VideoListTableViewCell.xib */; };
		534F098720E5D05300FEAB6F /* VideoDurationLabel.swift in Sources */ = {isa = PBXBuildFile; fileRef = 534F098620E5D05300FEAB6F /* VideoDurationLabel.swift */; };
		534F098C20E5D5CF00FEAB6F /* Kingfisher.framework in Frameworks */ = {isa = PBXBuildFile; fileRef = 534F098B20E5D5CF00FEAB6F /* Kingfisher.framework */; };
		53A9794620E9BD6A00B5F863 /* VideoPlayViewControllerViewModel.swift in Sources */ = {isa = PBXBuildFile; fileRef = 53A9794520E9BD6A00B5F863 /* VideoPlayViewControllerViewModel.swift */; };
		53A9794920E9BE6300B5F863 /* VideoPlayViewController.xib in Resources */ = {isa = PBXBuildFile; fileRef = 53A9794720E9BE6300B5F863 /* VideoPlayViewController.xib */; };
		53A9794A20E9BE6300B5F863 /* VideoPlayViewController.swift in Sources */ = {isa = PBXBuildFile; fileRef = 53A9794820E9BE6300B5F863 /* VideoPlayViewController.swift */; };
		53A9794D20E9BE9C00B5F863 /* UIViewController+Extensiion.swift in Sources */ = {isa = PBXBuildFile; fileRef = 53A9794C20E9BE9C00B5F863 /* UIViewController+Extensiion.swift */; };
		53A9794F20E9BEC700B5F863 /* VideoPlayViewControllerGestureProxy.swift in Sources */ = {isa = PBXBuildFile; fileRef = 53A9794E20E9BEC700B5F863 /* VideoPlayViewControllerGestureProxy.swift */; };
		53A9795120E9BF3B00B5F863 /* VideoPlayViewTransitionAnimation.swift in Sources */ = {isa = PBXBuildFile; fileRef = 53A9795020E9BF3B00B5F863 /* VideoPlayViewTransitionAnimation.swift */; };
		53A9795420E9BF8100B5F863 /* UITableView+Extension.swift in Sources */ = {isa = PBXBuildFile; fileRef = 53A9795220E9BF8100B5F863 /* UITableView+Extension.swift */; };
		53A9795520E9BF8100B5F863 /* UIView+Extension.swift in Sources */ = {isa = PBXBuildFile; fileRef = 53A9795320E9BF8100B5F863 /* UIView+Extension.swift */; };
/* End PBXBuildFile section */

/* Begin PBXContainerItemProxy section */
		533876B920E4D50700190E4F /* PBXContainerItemProxy */ = {
			isa = PBXContainerItemProxy;
			containerPortal = 5338769C20E4D50600190E4F /* Project object */;
			proxyType = 1;
			remoteGlobalIDString = 533876A320E4D50600190E4F;
			remoteInfo = QuipperTest;
		};
/* End PBXContainerItemProxy section */

/* Begin PBXFileReference section */
		533876A420E4D50600190E4F /* QuipperTest.app */ = {isa = PBXFileReference; explicitFileType = wrapper.application; includeInIndex = 0; path = QuipperTest.app; sourceTree = BUILT_PRODUCTS_DIR; };
		533876A720E4D50600190E4F /* AppDelegate.swift */ = {isa = PBXFileReference; lastKnownFileType = sourcecode.swift; path = AppDelegate.swift; sourceTree = "<group>"; };
		533876AE20E4D50700190E4F /* Assets.xcassets */ = {isa = PBXFileReference; lastKnownFileType = folder.assetcatalog; path = Assets.xcassets; sourceTree = "<group>"; };
		533876B320E4D50700190E4F /* Info.plist */ = {isa = PBXFileReference; lastKnownFileType = text.plist.xml; path = Info.plist; sourceTree = "<group>"; };
		533876B820E4D50700190E4F /* QuipperTestTests.xctest */ = {isa = PBXFileReference; explicitFileType = wrapper.cfbundle; includeInIndex = 0; path = QuipperTestTests.xctest; sourceTree = BUILT_PRODUCTS_DIR; };
		533876BC20E4D50700190E4F /* QuipperTestTests.swift */ = {isa = PBXFileReference; lastKnownFileType = sourcecode.swift; path = QuipperTestTests.swift; sourceTree = "<group>"; };
		533876BE20E4D50700190E4F /* Info.plist */ = {isa = PBXFileReference; lastKnownFileType = text.plist.xml; path = Info.plist; sourceTree = "<group>"; };
		533876CC20E4D72500190E4F /* VideoListTableViewController.swift */ = {isa = PBXFileReference; fileEncoding = 4; lastKnownFileType = sourcecode.swift; path = VideoListTableViewController.swift; sourceTree = "<group>"; };
		533876D020E4DBD500190E4F /* VideoListItem.swift */ = {isa = PBXFileReference; lastKnownFileType = sourcecode.swift; path = VideoListItem.swift; sourceTree = "<group>"; };
		534F096F20E5C59B00FEAB6F /* Client.swift */ = {isa = PBXFileReference; fileEncoding = 4; lastKnownFileType = sourcecode.swift; path = Client.swift; sourceTree = "<group>"; };
		534F097020E5C59B00FEAB6F /* Request.swift */ = {isa = PBXFileReference; fileEncoding = 4; lastKnownFileType = sourcecode.swift; path = Request.swift; sourceTree = "<group>"; };
		534F097320E5C5A300FEAB6F /* VideoListViewModel.swift */ = {isa = PBXFileReference; fileEncoding = 4; lastKnownFileType = sourcecode.swift; path = VideoListViewModel.swift; sourceTree = "<group>"; };
		534F097520E5C5AA00FEAB6F /* LocalResponse.txt */ = {isa = PBXFileReference; fileEncoding = 4; lastKnownFileType = text; path = LocalResponse.txt; sourceTree = "<group>"; };
		534F098220E5D02A00FEAB6F /* VideoListTableViewCell.swift */ = {isa = PBXFileReference; fileEncoding = 4; lastKnownFileType = sourcecode.swift; path = VideoListTableViewCell.swift; sourceTree = "<group>"; };
		534F098320E5D02A00FEAB6F /* VideoListTableViewCell.xib */ = {isa = PBXFileReference; fileEncoding = 4; lastKnownFileType = file.xib; path = VideoListTableViewCell.xib; sourceTree = "<group>"; };
		534F098620E5D05300FEAB6F /* VideoDurationLabel.swift */ = {isa = PBXFileReference; fileEncoding = 4; lastKnownFileType = sourcecode.swift; path = VideoDurationLabel.swift; sourceTree = "<group>"; };
		534F098B20E5D5CF00FEAB6F /* Kingfisher.framework */ = {isa = PBXFileReference; lastKnownFileType = wrapper.framework; name = Kingfisher.framework; path = Carthage/Build/iOS/Kingfisher.framework; sourceTree = "<group>"; };
		53A9794520E9BD6A00B5F863 /* VideoPlayViewControllerViewModel.swift */ = {isa = PBXFileReference; fileEncoding = 4; lastKnownFileType = sourcecode.swift; path = VideoPlayViewControllerViewModel.swift; sourceTree = "<group>"; };
		53A9794720E9BE6300B5F863 /* VideoPlayViewController.xib */ = {isa = PBXFileReference; fileEncoding = 4; lastKnownFileType = file.xib; path = VideoPlayViewController.xib; sourceTree = "<group>"; };
		53A9794820E9BE6300B5F863 /* VideoPlayViewController.swift */ = {isa = PBXFileReference; fileEncoding = 4; lastKnownFileType = sourcecode.swift; path = VideoPlayViewController.swift; sourceTree = "<group>"; };
		53A9794C20E9BE9C00B5F863 /* UIViewController+Extensiion.swift */ = {isa = PBXFileReference; fileEncoding = 4; lastKnownFileType = sourcecode.swift; path = "UIViewController+Extensiion.swift"; sourceTree = "<group>"; };
		53A9794E20E9BEC700B5F863 /* VideoPlayViewControllerGestureProxy.swift */ = {isa = PBXFileReference; fileEncoding = 4; lastKnownFileType = sourcecode.swift; path = VideoPlayViewControllerGestureProxy.swift; sourceTree = "<group>"; };
		53A9795020E9BF3B00B5F863 /* VideoPlayViewTransitionAnimation.swift */ = {isa = PBXFileReference; fileEncoding = 4; lastKnownFileType = sourcecode.swift; path = VideoPlayViewTransitionAnimation.swift; sourceTree = "<group>"; };
		53A9795220E9BF8100B5F863 /* UITableView+Extension.swift */ = {isa = PBXFileReference; fileEncoding = 4; lastKnownFileType = sourcecode.swift; path = "UITableView+Extension.swift"; sourceTree = "<group>"; };
		53A9795320E9BF8100B5F863 /* UIView+Extension.swift */ = {isa = PBXFileReference; fileEncoding = 4; lastKnownFileType = sourcecode.swift; path = "UIView+Extension.swift"; sourceTree = "<group>"; };
/* End PBXFileReference section */

/* Begin PBXFrameworksBuildPhase section */
		533876A120E4D50600190E4F /* Frameworks */ = {
			isa = PBXFrameworksBuildPhase;
			buildActionMask = 2147483647;
			files = (
				534F098C20E5D5CF00FEAB6F /* Kingfisher.framework in Frameworks */,
			);
			runOnlyForDeploymentPostprocessing = 0;
		};
		533876B520E4D50700190E4F /* Frameworks */ = {
			isa = PBXFrameworksBuildPhase;
			buildActionMask = 2147483647;
			files = (
			);
			runOnlyForDeploymentPostprocessing = 0;
		};
/* End PBXFrameworksBuildPhase section */

/* Begin PBXGroup section */
		5338769B20E4D50600190E4F = {
			isa = PBXGroup;
			children = (
				533876A620E4D50600190E4F /* QuipperTest */,
				533876BB20E4D50700190E4F /* QuipperTestTests */,
				533876A520E4D50600190E4F /* Products */,
				534F098A20E5D5CF00FEAB6F /* Frameworks */,
			);
			sourceTree = "<group>";
		};
		533876A520E4D50600190E4F /* Products */ = {
			isa = PBXGroup;
			children = (
				533876A420E4D50600190E4F /* QuipperTest.app */,
				533876B820E4D50700190E4F /* QuipperTestTests.xctest */,
			);
			name = Products;
			sourceTree = "<group>";
		};
		533876A620E4D50600190E4F /* QuipperTest */ = {
			isa = PBXGroup;
			children = (
				53A9794B20E9BE9C00B5F863 /* Extension */,
				53A9794420E9BD6A00B5F863 /* VideoPlayer */,
				533876CB20E4D72500190E4F /* VideoList */,
				533876A720E4D50600190E4F /* AppDelegate.swift */,
				533876AE20E4D50700190E4F /* Assets.xcassets */,
				533876B320E4D50700190E4F /* Info.plist */,
			);
			path = QuipperTest;
			sourceTree = "<group>";
		};
		533876BB20E4D50700190E4F /* QuipperTestTests */ = {
			isa = PBXGroup;
			children = (
				534F097520E5C5AA00FEAB6F /* LocalResponse.txt */,
				533876BC20E4D50700190E4F /* QuipperTestTests.swift */,
				533876BE20E4D50700190E4F /* Info.plist */,
			);
			path = QuipperTestTests;
			sourceTree = "<group>";
		};
		533876CB20E4D72500190E4F /* VideoList */ = {
			isa = PBXGroup;
			children = (
				534F097D20E5D00A00FEAB6F /* View */,
				534F096E20E5C59B00FEAB6F /* Network */,
				533876CC20E4D72500190E4F /* VideoListTableViewController.swift */,
				533876D020E4DBD500190E4F /* VideoListItem.swift */,
				534F097320E5C5A300FEAB6F /* VideoListViewModel.swift */,
				53A9795020E9BF3B00B5F863 /* VideoPlayViewTransitionAnimation.swift */,
			);
			path = VideoList;
			sourceTree = "<group>";
		};
		534F096E20E5C59B00FEAB6F /* Network */ = {
			isa = PBXGroup;
			children = (
				534F096F20E5C59B00FEAB6F /* Client.swift */,
				534F097020E5C59B00FEAB6F /* Request.swift */,
			);
			path = Network;
			sourceTree = "<group>";
		};
		534F097D20E5D00A00FEAB6F /* View */ = {
			isa = PBXGroup;
			children = (
				534F098620E5D05300FEAB6F /* VideoDurationLabel.swift */,
				534F098220E5D02A00FEAB6F /* VideoListTableViewCell.swift */,
				534F098320E5D02A00FEAB6F /* VideoListTableViewCell.xib */,
			);
			path = View;
			sourceTree = "<group>";
		};
		534F098A20E5D5CF00FEAB6F /* Frameworks */ = {
			isa = PBXGroup;
			children = (
				534F098B20E5D5CF00FEAB6F /* Kingfisher.framework */,
			);
			name = Frameworks;
			sourceTree = "<group>";
		};
		53A9794420E9BD6A00B5F863 /* VideoPlayer */ = {
			isa = PBXGroup;
			children = (
				53A9794E20E9BEC700B5F863 /* VideoPlayViewControllerGestureProxy.swift */,
				53A9794820E9BE6300B5F863 /* VideoPlayViewController.swift */,
				53A9794720E9BE6300B5F863 /* VideoPlayViewController.xib */,
				53A9794520E9BD6A00B5F863 /* VideoPlayViewControllerViewModel.swift */,
			);
			path = VideoPlayer;
			sourceTree = "<group>";
		};
		53A9794B20E9BE9C00B5F863 /* Extension */ = {
			isa = PBXGroup;
			children = (
				53A9795220E9BF8100B5F863 /* UITableView+Extension.swift */,
				53A9795320E9BF8100B5F863 /* UIView+Extension.swift */,
				53A9794C20E9BE9C00B5F863 /* UIViewController+Extensiion.swift */,
			);
			path = Extension;
			sourceTree = "<group>";
		};
/* End PBXGroup section */

/* Begin PBXNativeTarget section */
		533876A320E4D50600190E4F /* QuipperTest */ = {
			isa = PBXNativeTarget;
			buildConfigurationList = 533876C120E4D50700190E4F /* Build configuration list for PBXNativeTarget "QuipperTest" */;
			buildPhases = (
				533876A020E4D50600190E4F /* Sources */,
				533876A120E4D50600190E4F /* Frameworks */,
				533876A220E4D50600190E4F /* Resources */,
				534F098E20E5D5E400FEAB6F /* Carthage */,
			);
			buildRules = (
			);
			dependencies = (
			);
			name = QuipperTest;
			productName = QuipperTest;
			productReference = 533876A420E4D50600190E4F /* QuipperTest.app */;
			productType = "com.apple.product-type.application";
		};
		533876B720E4D50700190E4F /* QuipperTestTests */ = {
			isa = PBXNativeTarget;
			buildConfigurationList = 533876C420E4D50700190E4F /* Build configuration list for PBXNativeTarget "QuipperTestTests" */;
			buildPhases = (
				533876B420E4D50700190E4F /* Sources */,
				533876B520E4D50700190E4F /* Frameworks */,
				533876B620E4D50700190E4F /* Resources */,
			);
			buildRules = (
			);
			dependencies = (
				533876BA20E4D50700190E4F /* PBXTargetDependency */,
			);
			name = QuipperTestTests;
			productName = QuipperTestTests;
			productReference = 533876B820E4D50700190E4F /* QuipperTestTests.xctest */;
			productType = "com.apple.product-type.bundle.unit-test";
		};
/* End PBXNativeTarget section */

/* Begin PBXProject section */
		5338769C20E4D50600190E4F /* Project object */ = {
			isa = PBXProject;
			attributes = {
				LastSwiftUpdateCheck = 0940;
				LastUpgradeCheck = 0940;
				ORGANIZATIONNAME = JacobMao;
				TargetAttributes = {
					533876A320E4D50600190E4F = {
						CreatedOnToolsVersion = 9.4.1;
					};
					533876B720E4D50700190E4F = {
						CreatedOnToolsVersion = 9.4.1;
						TestTargetID = 533876A320E4D50600190E4F;
					};
				};
			};
			buildConfigurationList = 5338769F20E4D50600190E4F /* Build configuration list for PBXProject "QuipperTest" */;
			compatibilityVersion = "Xcode 9.3";
			developmentRegion = en;
			hasScannedForEncodings = 0;
			knownRegions = (
				en,
				Base,
			);
			mainGroup = 5338769B20E4D50600190E4F;
			productRefGroup = 533876A520E4D50600190E4F /* Products */;
			projectDirPath = "";
			projectRoot = "";
			targets = (
				533876A320E4D50600190E4F /* QuipperTest */,
				533876B720E4D50700190E4F /* QuipperTestTests */,
			);
		};
/* End PBXProject section */

/* Begin PBXResourcesBuildPhase section */
		533876A220E4D50600190E4F /* Resources */ = {
			isa = PBXResourcesBuildPhase;
			buildActionMask = 2147483647;
			files = (
				53A9794920E9BE6300B5F863 /* VideoPlayViewController.xib in Resources */,
				533876AF20E4D50700190E4F /* Assets.xcassets in Resources */,
				534F098520E5D02A00FEAB6F /* VideoListTableViewCell.xib in Resources */,
			);
			runOnlyForDeploymentPostprocessing = 0;
		};
		533876B620E4D50700190E4F /* Resources */ = {
			isa = PBXResourcesBuildPhase;
			buildActionMask = 2147483647;
			files = (
				534F097620E5C5AA00FEAB6F /* LocalResponse.txt in Resources */,
			);
			runOnlyForDeploymentPostprocessing = 0;
		};
/* End PBXResourcesBuildPhase section */

/* Begin PBXShellScriptBuildPhase section */
		534F098E20E5D5E400FEAB6F /* Carthage */ = {
			isa = PBXShellScriptBuildPhase;
			buildActionMask = 2147483647;
			files = (
			);
			inputPaths = (
				"$(SRCROOT)/Carthage/Build/iOS/Kingfisher.framework",
			);
			name = Carthage;
			outputPaths = (
			);
			runOnlyForDeploymentPostprocessing = 0;
			shellPath = /bin/sh;
			shellScript = "/usr/local/bin/carthage copy-frameworks";
		};
/* End PBXShellScriptBuildPhase section */

/* Begin PBXSourcesBuildPhase section */
		533876A020E4D50600190E4F /* Sources */ = {
			isa = PBXSourcesBuildPhase;
			buildActionMask = 2147483647;
			files = (
				53A9794A20E9BE6300B5F863 /* VideoPlayViewController.swift in Sources */,
				53A9794F20E9BEC700B5F863 /* VideoPlayViewControllerGestureProxy.swift in Sources */,
				534F098720E5D05300FEAB6F /* VideoDurationLabel.swift in Sources */,
				53A9795520E9BF8100B5F863 /* UIView+Extension.swift in Sources */,
				533876D120E4DBD500190E4F /* VideoListItem.swift in Sources */,
				533876A820E4D50700190E4F /* AppDelegate.swift in Sources */,
				534F097420E5C5A300FEAB6F /* VideoListViewModel.swift in Sources */,
				53A9795120E9BF3B00B5F863 /* VideoPlayViewTransitionAnimation.swift in Sources */,
				534F097220E5C59B00FEAB6F /* Request.swift in Sources */,
				534F097120E5C59B00FEAB6F /* Client.swift in Sources */,
				53A9795420E9BF8100B5F863 /* UITableView+Extension.swift in Sources */,
				534F098420E5D02A00FEAB6F /* VideoListTableViewCell.swift in Sources */,
				53A9794D20E9BE9C00B5F863 /* UIViewController+Extensiion.swift in Sources */,
				53A9794620E9BD6A00B5F863 /* VideoPlayViewControllerViewModel.swift in Sources */,
				533876CD20E4D72500190E4F /* VideoListTableViewController.swift in Sources */,
			);
			runOnlyForDeploymentPostprocessing = 0;
		};
		533876B420E4D50700190E4F /* Sources */ = {
			isa = PBXSourcesBuildPhase;
			buildActionMask = 2147483647;
			files = (
				533876BD20E4D50700190E4F /* QuipperTestTests.swift in Sources */,
			);
			runOnlyForDeploymentPostprocessing = 0;
		};
/* End PBXSourcesBuildPhase section */

/* Begin PBXTargetDependency section */
		533876BA20E4D50700190E4F /* PBXTargetDependency */ = {
			isa = PBXTargetDependency;
			target = 533876A320E4D50600190E4F /* QuipperTest */;
			targetProxy = 533876B920E4D50700190E4F /* PBXContainerItemProxy */;
		};
/* End PBXTargetDependency section */

/* Begin XCBuildConfiguration section */
		533876BF20E4D50700190E4F /* Debug */ = {
			isa = XCBuildConfiguration;
			buildSettings = {
				ALWAYS_SEARCH_USER_PATHS = NO;
				CLANG_ANALYZER_NONNULL = YES;
				CLANG_ANALYZER_NUMBER_OBJECT_CONVERSION = YES_AGGRESSIVE;
				CLANG_CXX_LANGUAGE_STANDARD = "gnu++14";
				CLANG_CXX_LIBRARY = "libc++";
				CLANG_ENABLE_MODULES = YES;
				CLANG_ENABLE_OBJC_ARC = YES;
				CLANG_ENABLE_OBJC_WEAK = YES;
				CLANG_WARN_BLOCK_CAPTURE_AUTORELEASING = YES;
				CLANG_WARN_BOOL_CONVERSION = YES;
				CLANG_WARN_COMMA = YES;
				CLANG_WARN_CONSTANT_CONVERSION = YES;
				CLANG_WARN_DEPRECATED_OBJC_IMPLEMENTATIONS = YES;
				CLANG_WARN_DIRECT_OBJC_ISA_USAGE = YES_ERROR;
				CLANG_WARN_DOCUMENTATION_COMMENTS = YES;
				CLANG_WARN_EMPTY_BODY = YES;
				CLANG_WARN_ENUM_CONVERSION = YES;
				CLANG_WARN_INFINITE_RECURSION = YES;
				CLANG_WARN_INT_CONVERSION = YES;
				CLANG_WARN_NON_LITERAL_NULL_CONVERSION = YES;
				CLANG_WARN_OBJC_IMPLICIT_RETAIN_SELF = YES;
				CLANG_WARN_OBJC_LITERAL_CONVERSION = YES;
				CLANG_WARN_OBJC_ROOT_CLASS = YES_ERROR;
				CLANG_WARN_RANGE_LOOP_ANALYSIS = YES;
				CLANG_WARN_STRICT_PROTOTYPES = YES;
				CLANG_WARN_SUSPICIOUS_MOVE = YES;
				CLANG_WARN_UNGUARDED_AVAILABILITY = YES_AGGRESSIVE;
				CLANG_WARN_UNREACHABLE_CODE = YES;
				CLANG_WARN__DUPLICATE_METHOD_MATCH = YES;
				CODE_SIGN_IDENTITY = "iPhone Developer";
				COPY_PHASE_STRIP = NO;
				DEBUG_INFORMATION_FORMAT = dwarf;
				ENABLE_STRICT_OBJC_MSGSEND = YES;
				ENABLE_TESTABILITY = YES;
				GCC_C_LANGUAGE_STANDARD = gnu11;
				GCC_DYNAMIC_NO_PIC = NO;
				GCC_NO_COMMON_BLOCKS = YES;
				GCC_OPTIMIZATION_LEVEL = 0;
				GCC_PREPROCESSOR_DEFINITIONS = (
					"DEBUG=1",
					"$(inherited)",
				);
				GCC_WARN_64_TO_32_BIT_CONVERSION = YES;
				GCC_WARN_ABOUT_RETURN_TYPE = YES_ERROR;
				GCC_WARN_UNDECLARED_SELECTOR = YES;
				GCC_WARN_UNINITIALIZED_AUTOS = YES_AGGRESSIVE;
				GCC_WARN_UNUSED_FUNCTION = YES;
				GCC_WARN_UNUSED_VARIABLE = YES;
				IPHONEOS_DEPLOYMENT_TARGET = 11.4;
				MTL_ENABLE_DEBUG_INFO = YES;
				ONLY_ACTIVE_ARCH = YES;
				SDKROOT = iphoneos;
				SWIFT_ACTIVE_COMPILATION_CONDITIONS = DEBUG;
				SWIFT_OPTIMIZATION_LEVEL = "-Onone";
			};
			name = Debug;
		};
		533876C020E4D50700190E4F /* Release */ = {
			isa = XCBuildConfiguration;
			buildSettings = {
				ALWAYS_SEARCH_USER_PATHS = NO;
				CLANG_ANALYZER_NONNULL = YES;
				CLANG_ANALYZER_NUMBER_OBJECT_CONVERSION = YES_AGGRESSIVE;
				CLANG_CXX_LANGUAGE_STANDARD = "gnu++14";
				CLANG_CXX_LIBRARY = "libc++";
				CLANG_ENABLE_MODULES = YES;
				CLANG_ENABLE_OBJC_ARC = YES;
				CLANG_ENABLE_OBJC_WEAK = YES;
				CLANG_WARN_BLOCK_CAPTURE_AUTORELEASING = YES;
				CLANG_WARN_BOOL_CONVERSION = YES;
				CLANG_WARN_COMMA = YES;
				CLANG_WARN_CONSTANT_CONVERSION = YES;
				CLANG_WARN_DEPRECATED_OBJC_IMPLEMENTATIONS = YES;
				CLANG_WARN_DIRECT_OBJC_ISA_USAGE = YES_ERROR;
				CLANG_WARN_DOCUMENTATION_COMMENTS = YES;
				CLANG_WARN_EMPTY_BODY = YES;
				CLANG_WARN_ENUM_CONVERSION = YES;
				CLANG_WARN_INFINITE_RECURSION = YES;
				CLANG_WARN_INT_CONVERSION = YES;
				CLANG_WARN_NON_LITERAL_NULL_CONVERSION = YES;
				CLANG_WARN_OBJC_IMPLICIT_RETAIN_SELF = YES;
				CLANG_WARN_OBJC_LITERAL_CONVERSION = YES;
				CLANG_WARN_OBJC_ROOT_CLASS = YES_ERROR;
				CLANG_WARN_RANGE_LOOP_ANALYSIS = YES;
				CLANG_WARN_STRICT_PROTOTYPES = YES;
				CLANG_WARN_SUSPICIOUS_MOVE = YES;
				CLANG_WARN_UNGUARDED_AVAILABILITY = YES_AGGRESSIVE;
				CLANG_WARN_UNREACHABLE_CODE = YES;
				CLANG_WARN__DUPLICATE_METHOD_MATCH = YES;
				CODE_SIGN_IDENTITY = "iPhone Developer";
				COPY_PHASE_STRIP = NO;
				DEBUG_INFORMATION_FORMAT = "dwarf-with-dsym";
				ENABLE_NS_ASSERTIONS = NO;
				ENABLE_STRICT_OBJC_MSGSEND = YES;
				GCC_C_LANGUAGE_STANDARD = gnu11;
				GCC_NO_COMMON_BLOCKS = YES;
				GCC_WARN_64_TO_32_BIT_CONVERSION = YES;
				GCC_WARN_ABOUT_RETURN_TYPE = YES_ERROR;
				GCC_WARN_UNDECLARED_SELECTOR = YES;
				GCC_WARN_UNINITIALIZED_AUTOS = YES_AGGRESSIVE;
				GCC_WARN_UNUSED_FUNCTION = YES;
				GCC_WARN_UNUSED_VARIABLE = YES;
				IPHONEOS_DEPLOYMENT_TARGET = 11.4;
				MTL_ENABLE_DEBUG_INFO = NO;
				SDKROOT = iphoneos;
				SWIFT_COMPILATION_MODE = wholemodule;
				SWIFT_OPTIMIZATION_LEVEL = "-O";
				VALIDATE_PRODUCT = YES;
			};
			name = Release;
		};
		533876C220E4D50700190E4F /* Debug */ = {
			isa = XCBuildConfiguration;
			buildSettings = {
				ASSETCATALOG_COMPILER_APPICON_NAME = AppIcon;
				ASSETCATALOG_COMPILER_LAUNCHIMAGE_NAME = "LaunchImage-2";
				CODE_SIGN_STYLE = Automatic;
				DEVELOPMENT_TEAM = TC447U8226;
				FRAMEWORK_SEARCH_PATHS = (
					"$(inherited)",
					"$(PROJECT_DIR)/Carthage/Build/iOS",
				);
				INFOPLIST_FILE = QuipperTest/Info.plist;
				IPHONEOS_DEPLOYMENT_TARGET = 9.0;
				LD_RUNPATH_SEARCH_PATHS = (
					"$(inherited)",
					"@executable_path/Frameworks",
				);
				PRODUCT_BUNDLE_IDENTIFIER = JacobMao.QuipperTest;
				PRODUCT_NAME = "$(TARGET_NAME)";
				SWIFT_VERSION = 4.0;
				TARGETED_DEVICE_FAMILY = 1;
			};
			name = Debug;
		};
		533876C320E4D50700190E4F /* Release */ = {
			isa = XCBuildConfiguration;
			buildSettings = {
				ASSETCATALOG_COMPILER_APPICON_NAME = AppIcon;
				ASSETCATALOG_COMPILER_LAUNCHIMAGE_NAME = "LaunchImage-2";
				CODE_SIGN_STYLE = Automatic;
				DEVELOPMENT_TEAM = TC447U8226;
				FRAMEWORK_SEARCH_PATHS = (
					"$(inherited)",
					"$(PROJECT_DIR)/Carthage/Build/iOS",
				);
				INFOPLIST_FILE = QuipperTest/Info.plist;
				IPHONEOS_DEPLOYMENT_TARGET = 9.0;
				LD_RUNPATH_SEARCH_PATHS = (
					"$(inherited)",
					"@executable_path/Frameworks",
				);
				PRODUCT_BUNDLE_IDENTIFIER = JacobMao.QuipperTest;
				PRODUCT_NAME = "$(TARGET_NAME)";
				SWIFT_VERSION = 4.0;
				TARGETED_DEVICE_FAMILY = 1;
			};
			name = Release;
		};
		533876C520E4D50700190E4F /* Debug */ = {
			isa = XCBuildConfiguration;
			buildSettings = {
				ALWAYS_EMBED_SWIFT_STANDARD_LIBRARIES = YES;
				BUNDLE_LOADER = "$(TEST_HOST)";
				CODE_SIGN_STYLE = Automatic;
				INFOPLIST_FILE = QuipperTestTests/Info.plist;
				LD_RUNPATH_SEARCH_PATHS = (
					"$(inherited)",
					"@executable_path/Frameworks",
					"@loader_path/Frameworks",
				);
				PRODUCT_BUNDLE_IDENTIFIER = JacobMao.QuipperTestTests;
				PRODUCT_NAME = "$(TARGET_NAME)";
				SWIFT_VERSION = 4.0;
				TARGETED_DEVICE_FAMILY = "1,2";
				TEST_HOST = "$(BUILT_PRODUCTS_DIR)/QuipperTest.app/QuipperTest";
			};
			name = Debug;
		};
		533876C620E4D50700190E4F /* Release */ = {
			isa = XCBuildConfiguration;
			buildSettings = {
				ALWAYS_EMBED_SWIFT_STANDARD_LIBRARIES = YES;
				BUNDLE_LOADER = "$(TEST_HOST)";
				CODE_SIGN_STYLE = Automatic;
				INFOPLIST_FILE = QuipperTestTests/Info.plist;
				LD_RUNPATH_SEARCH_PATHS = (
					"$(inherited)",
					"@executable_path/Frameworks",
					"@loader_path/Frameworks",
				);
				PRODUCT_BUNDLE_IDENTIFIER = JacobMao.QuipperTestTests;
				PRODUCT_NAME = "$(TARGET_NAME)";
				SWIFT_VERSION = 4.0;
				TARGETED_DEVICE_FAMILY = "1,2";
				TEST_HOST = "$(BUILT_PRODUCTS_DIR)/QuipperTest.app/QuipperTest";
			};
			name = Release;
		};
/* End XCBuildConfiguration section */

/* Begin XCConfigurationList section */
		5338769F20E4D50600190E4F /* Build configuration list for PBXProject "QuipperTest" */ = {
			isa = XCConfigurationList;
			buildConfigurations = (
				533876BF20E4D50700190E4F /* Debug */,
				533876C020E4D50700190E4F /* Release */,
			);
			defaultConfigurationIsVisible = 0;
			defaultConfigurationName = Release;
		};
		533876C120E4D50700190E4F /* Build configuration list for PBXNativeTarget "QuipperTest" */ = {
			isa = XCConfigurationList;
			buildConfigurations = (
				533876C220E4D50700190E4F /* Debug */,
				533876C320E4D50700190E4F /* Release */,
			);
			defaultConfigurationIsVisible = 0;
			defaultConfigurationName = Release;
		};
		533876C420E4D50700190E4F /* Build configuration list for PBXNativeTarget "QuipperTestTests" */ = {
			isa = XCConfigurationList;
			buildConfigurations = (
				533876C520E4D50700190E4F /* Debug */,
				533876C620E4D50700190E4F /* Release */,
			);
			defaultConfigurationIsVisible = 0;
			defaultConfigurationName = Release;
		};
/* End XCConfigurationList section */
	};
	rootObject = 5338769C20E4D50600190E4F /* Project object */;
}
